
Microsoft Visual Studio Solution File, Format Version 12.00
# Visual Studio 14
VisualStudioVersion = 14.0.25420.1
MinimumVisualStudioVersion = 10.0.40219.1
Project("{FAE04EC0-301F-11D3-BF4B-00C04F79EFBC}") = "VersionCSharp", "ConsoleApplication1\VersionCSharp.csproj", "{1E595FB4-1DC6-4FA1-804B-D8761D63F646}"
EndProject
Project("{F2A71F9B-5D33-465A-A702-920D77279786}") = "VersionFSharp", "VersionFSharp\VersionFSharp.fsproj", "{18AFD1A9-A001-4F64-AA02-06376CC66E24}"
EndProject
Project("{FAE04EC0-301F-11D3-BF4B-00C04F79EFBC}") = "UnitTestCSharp", "UnitTestCSharp\UnitTestCSharp.csproj", "{801DF0EE-B4C5-4086-B440-2590283C243D}"
EndProject
Global
	GlobalSection(SolutionConfigurationPlatforms) = preSolution
		Debug|Any CPU = Debug|Any CPU
		Release|Any CPU = Release|Any CPU
	EndGlobalSection
	GlobalSection(ProjectConfigurationPlatforms) = postSolution
		{1E595FB4-1DC6-4FA1-804B-D8761D63F646}.Debug|Any CPU.ActiveCfg = Debug|Any CPU
		{1E595FB4-1DC6-4FA1-804B-D8761D63F646}.Debug|Any CPU.Build.0 = Debug|Any CPU
		{1E595FB4-1DC6-4FA1-804B-D8761D63F646}.Release|Any CPU.ActiveCfg = Release|Any CPU
		{1E595FB4-1DC6-4FA1-804B-D8761D63F646}.Release|Any CPU.Build.0 = Release|Any CPU
		{18AFD1A9-A001-4F64-AA02-06376CC66E24}.Debug|Any CPU.ActiveCfg = Debug|Any CPU
		{18AFD1A9-A001-4F64-AA02-06376CC66E24}.Debug|Any CPU.Build.0 = Debug|Any CPU
		{18AFD1A9-A001-4F64-AA02-06376CC66E24}.Release|Any CPU.ActiveCfg = Release|Any CPU
		{18AFD1A9-A001-4F64-AA02-06376CC66E24}.Release|Any CPU.Build.0 = Release|Any CPU
		{801DF0EE-B4C5-4086-B440-2590283C243D}.Debug|Any CPU.ActiveCfg = Debug|Any CPU
		{801DF0EE-B4C5-4086-B440-2590283C243D}.Debug|Any CPU.Build.0 = Debug|Any CPU
		{801DF0EE-B4C5-4086-B440-2590283C243D}.Release|Any CPU.ActiveCfg = Release|Any CPU
		{801DF0EE-B4C5-4086-B440-2590283C243D}.Release|Any CPU.Build.0 = Release|Any CPU
	EndGlobalSection
	GlobalSection(SolutionProperties) = preSolution
		HideSolutionNode = FALSE
	EndGlobalSection
EndGlobal
